PODS:
  - ef_qrcode (0.3.0):
    - EFQRCode
    - Flutter
  - EFQRCode (5.0.0):
    - swift_qrcodejs (~> 1.1.1)
  - Flutter (1.0.0)
  - swift_qrcodejs (1.1.1)

DEPENDENCIES:
  - ef_qrcode (from `.symlinks/plugins/ef_qrcode/ios`)
  - Flutter (from `Flutter`)

SPEC REPOS:
  trunk:
    - EFQRCode
    - swift_qrcodejs

EXTERNAL SOURCES:
  ef_qrcode:
    :path: ".symlinks/plugins/ef_qrcode/ios"
  Flutter:
    :path: Flutter

SPEC CHECKSUMS:
  ef_qrcode: 3c1e72452ec470b42db7dcf2ad216fea4d2fe64c
  EFQRCode: 07437cfbce3a1e497397a4f3d766c980d8972608
  Flutter: 0e3d915762c693b495b44d77113d4970485de6ec
  swift_qrcodejs: 0bacbfe321a99954c7b8e04c75562007ea4e4f7c

PODFILE CHECKSUM: c34e2287a9ccaa606aeceab922830efb9a6ff69a

COCOAPODS: 1.9.3
