PODS:
  - ef_qrcode (0.3.0):
    - EFQRCode (~> 5.0.0)
    - Flutter
  - EFQRCode (5.0.0):
    - swift_qrcodejs (~> 1.1.1)
  - Flutter (1.0.0)
  - swift_qrcodejs (1.1.1)

DEPENDENCIES:
  - ef_qrcode (from `.symlinks/plugins/ef_qrcode/ios`)
  - Flutter (from `.symlinks/flutter/ios`)

SPEC REPOS:
  https://github.com/cocoapods/specs.git:
    - EFQRCode
    - swift_qrcodejs

EXTERNAL SOURCES:
  ef_qrcode:
    :path: ".symlinks/plugins/ef_qrcode/ios"
  Flutter:
    :path: ".symlinks/flutter/ios"

SPEC CHECKSUMS:
  ef_qrcode: f0c2aa4f6c56a6bf87c6d9f06d71aa4b60eb7d42
  EFQRCode: 07437cfbce3a1e497397a4f3d766c980d8972608
  Flutter: 58dd7d1b27887414a370fcccb9e645c08ffd7a6a
  swift_qrcodejs: 0bacbfe321a99954c7b8e04c75562007ea4e4f7c

PODFILE CHECKSUM: ebd43b443038e611b86ede96e613bd6033c49497

COCOAPODS: 1.6.1
